<?xml version="1.0" encoding="utf-8"?>
<Project ToolsVersion="12.0" xmlns="http://schemas.microsoft.com/developer/msbuild/2003">
  <ItemGroup>
    <CustomBuild Include="C:\workspace\Ganier_3ForceSensor\Build2\CMakeFiles\b6eebc4e3e28cc9b845b31b6b494c451\doxygen_doc.rule">
      <Filter>CMake Rules</Filter>
    </CustomBuild>
    <CustomBuild Include="C:\workspace\Ganier_3ForceSensor\doc\CMakeLists.txt" />
  </ItemGroup>
  <ItemGroup>
    <None Include="C:\workspace\Ganier_3ForceSensor\Build2\doc\CMakeFiles\doxygen_doc" />
  </ItemGroup>
  <ItemGroup>
    <Filter Include="CMake Rules">
      <UniqueIdentifier>{D4030517-EA61-38E0-9D44-7AAB0FD8CC2D}</UniqueIdentifier>
    </Filter>
  </ItemGroup>
</Project>
